{
  "version": 4,
  "terraform_version": "1.5.7",
  "serial": 30,
  "lineage": "373fcbae-d58d-af5e-b20b-256a74fe62fa",
  "outputs": {
    "data-source-result": {
      "value": "automatic",
      "type": "string"
    },
    "id-file": {
      "value": "ebe8872498bd7a369441cf75f56db2bf3701eef9",
      "type": "string"
    },
    "name": {
      "value": "automatic",
      "type": "string"
    }
  },
  "resources": [
    {
      "mode": "data",
      "type": "local_file",
      "name": "name_example",
      "provider": "provider[\"registry.terraform.io/hashicorp/local\"]",
      "instances": [
        {
          "schema_version": 0,
          "attributes": {
            "content": "automatic",
            "content_base64": "YXV0b21hdGlj",
            "content_base64sha256": "U+D/NIyb6ToU0FdXxXF2gcHZU5v2AAItEkldQG/tzE4=",
            "content_base64sha512": "FekrgaEIQRrnzxQTBJqsyHlPbHpVqQO2TlTOyQp4GBtDibz742n/zCv7NL11peQA9nI2yRFHn8lGnc9lwAPmrA==",
            "content_md5": "2bd9c0ed00116be1258e0cc66617d7c8",
            "content_sha1": "ebe8872498bd7a369441cf75f56db2bf3701eef9",
            "content_sha256": "53e0ff348c9be93a14d05757c5717681c1d9539bf600022d12495d406fedcc4e",
            "content_sha512": "15e92b81a108411ae7cf1413049aacc8794f6c7a55a903b64e54cec90a78181b4389bcfbe369ffcc2bfb34bd75a5e400f67236c911479fc9469dcf65c003e6ac",
            "filename": "exemplo.txt",
            "id": "ebe8872498bd7a369441cf75f56db2bf3701eef9"
          },
          "sensitive_attributes": []
        }
      ]
    },
    {
      "mode": "managed",
      "type": "local_file",
      "name": "exemplo",
      "provider": "provider[\"registry.terraform.io/hashicorp/local\"]",
      "instances": [
        {
          "schema_version": 0,
          "attributes": {
            "content": "automatic",
            "content_base64": null,
            "content_base64sha256": "U+D/NIyb6ToU0FdXxXF2gcHZU5v2AAItEkldQG/tzE4=",
            "content_base64sha512": "FekrgaEIQRrnzxQTBJqsyHlPbHpVqQO2TlTOyQp4GBtDibz742n/zCv7NL11peQA9nI2yRFHn8lGnc9lwAPmrA==",
            "content_md5": "2bd9c0ed00116be1258e0cc66617d7c8",
            "content_sha1": "ebe8872498bd7a369441cf75f56db2bf3701eef9",
            "content_sha256": "53e0ff348c9be93a14d05757c5717681c1d9539bf600022d12495d406fedcc4e",
            "content_sha512": "15e92b81a108411ae7cf1413049aacc8794f6c7a55a903b64e54cec90a78181b4389bcfbe369ffcc2bfb34bd75a5e400f67236c911479fc9469dcf65c003e6ac",
            "directory_permission": "0777",
            "file_permission": "0777",
            "filename": "exemplo.txt",
            "id": "ebe8872498bd7a369441cf75f56db2bf3701eef9",
            "sensitive_content": null,
            "source": null
          },
          "sensitive_attributes": []
        }
      ]
    }
  ],
  "check_results": null
}
